
Microsoft Visual Studio Solution File, Format Version 12.00
# Visual Studio Version 17
VisualStudioVersion = 17.7.34031.279
MinimumVisualStudioVersion = 10.0.40219.1
Project("{FAE04EC0-301F-11D3-BF4B-00C04F79EFBC}") = "YouTubeAPI", "YouTubeAPI\YouTubeAPI.csproj", "{100B3074-E2A5-44D8-8716-6E8ED0FC61B4}"
EndProject
Global
	GlobalSection(SolutionConfigurationPlatforms) = preSolution
		Debug|Any CPU = Debug|Any CPU
		Release|Any CPU = Release|Any CPU
	EndGlobalSection
	GlobalSection(ProjectConfigurationPlatforms) = postSolution
		{100B3074-E2A5-44D8-8716-6E8ED0FC61B4}.Debug|Any CPU.ActiveCfg = Debug|Any CPU
		{100B3074-E2A5-44D8-8716-6E8ED0FC61B4}.Debug|Any CPU.Build.0 = Debug|Any CPU
		{100B3074-E2A5-44D8-8716-6E8ED0FC61B4}.Release|Any CPU.ActiveCfg = Release|Any CPU
		{100B3074-E2A5-44D8-8716-6E8ED0FC61B4}.Release|Any CPU.Build.0 = Release|Any CPU
	EndGlobalSection
	GlobalSection(SolutionProperties) = preSolution
		HideSolutionNode = FALSE
	EndGlobalSection
	GlobalSection(ExtensibilityGlobals) = postSolution
		SolutionGuid = {B7986EBB-9DD0-4899-B79A-EA5FB1A64EC6}
	EndGlobalSection
EndGlobal
